
Microsoft Visual Studio Solution File, Format Version 12.00
# Visual Studio Version 17
VisualStudioVersion = 17.14.36603.0
MinimumVisualStudioVersion = 10.0.40219.1
Project("{FAE04EC0-301F-11D3-BF4B-00C04F79EFBC}") = "ChampionsLeague", "ChampionsLeague\ChampionsLeague.csproj", "{A569174E-38A8-4FF9-8CA4-92E6D6255F52}"
EndProject
Project("{FAE04EC0-301F-11D3-BF4B-00C04F79EFBC}") = "ChampionsLeague.Domain", "ChampionsLeague.Domain\ChampionsLeague.Domain.csproj", "{B2E6BE14-8A16-4C6C-8004-B1B1A14E038A}"
EndProject
Project("{FAE04EC0-301F-11D3-BF4B-00C04F79EFBC}") = "ChampionsLeague.Repository", "ChampionsLeague.Repository\ChampionsLeague.Repository.csproj", "{A7CAB32C-0A53-4069-AD91-6FC40958896F}"
EndProject
Project("{FAE04EC0-301F-11D3-BF4B-00C04F79EFBC}") = "ChampionsLeague.Service", "ChampionsLeague.Service\ChampionsLeague.Service.csproj", "{A2081C18-AE33-4209-8D31-1838B3882228}"
EndProject
Global
	GlobalSection(SolutionConfigurationPlatforms) = preSolution
		Debug|Any CPU = Debug|Any CPU
		Release|Any CPU = Release|Any CPU
	EndGlobalSection
	GlobalSection(ProjectConfigurationPlatforms) = postSolution
		{A569174E-38A8-4FF9-8CA4-92E6D6255F52}.Debug|Any CPU.ActiveCfg = Debug|Any CPU
		{A569174E-38A8-4FF9-8CA4-92E6D6255F52}.Debug|Any CPU.Build.0 = Debug|Any CPU
		{A569174E-38A8-4FF9-8CA4-92E6D6255F52}.Release|Any CPU.ActiveCfg = Release|Any CPU
		{A569174E-38A8-4FF9-8CA4-92E6D6255F52}.Release|Any CPU.Build.0 = Release|Any CPU
		{B2E6BE14-8A16-4C6C-8004-B1B1A14E038A}.Debug|Any CPU.ActiveCfg = Debug|Any CPU
		{B2E6BE14-8A16-4C6C-8004-B1B1A14E038A}.Debug|Any CPU.Build.0 = Debug|Any CPU
		{B2E6BE14-8A16-4C6C-8004-B1B1A14E038A}.Release|Any CPU.ActiveCfg = Release|Any CPU
		{B2E6BE14-8A16-4C6C-8004-B1B1A14E038A}.Release|Any CPU.Build.0 = Release|Any CPU
		{A7CAB32C-0A53-4069-AD91-6FC40958896F}.Debug|Any CPU.ActiveCfg = Debug|Any CPU
		{A7CAB32C-0A53-4069-AD91-6FC40958896F}.Debug|Any CPU.Build.0 = Debug|Any CPU
		{A7CAB32C-0A53-4069-AD91-6FC40958896F}.Release|Any CPU.ActiveCfg = Release|Any CPU
		{A7CAB32C-0A53-4069-AD91-6FC40958896F}.Release|Any CPU.Build.0 = Release|Any CPU
		{A2081C18-AE33-4209-8D31-1838B3882228}.Debug|Any CPU.ActiveCfg = Debug|Any CPU
		{A2081C18-AE33-4209-8D31-1838B3882228}.Debug|Any CPU.Build.0 = Debug|Any CPU
		{A2081C18-AE33-4209-8D31-1838B3882228}.Release|Any CPU.ActiveCfg = Release|Any CPU
		{A2081C18-AE33-4209-8D31-1838B3882228}.Release|Any CPU.Build.0 = Release|Any CPU
	EndGlobalSection
	GlobalSection(SolutionProperties) = preSolution
		HideSolutionNode = FALSE
	EndGlobalSection
	GlobalSection(ExtensibilityGlobals) = postSolution
		SolutionGuid = {2DD745B8-CF17-4662-903D-507A46DCAEB7}
	EndGlobalSection
EndGlobal
